
Microsoft Visual Studio Solution File, Format Version 12.00
# Visual Studio Version 17
VisualStudioVersion = 17.9.34701.34
MinimumVisualStudioVersion = 10.0.40219.1
Project("{FAE04EC0-301F-11D3-BF4B-00C04F79EFBC}") = "TypingTest.Server", "TypingTest.Server\TypingTest.Server.csproj", "{145C370F-7D3A-4E2C-8413-E49B4BD683CF}"
EndProject
Project("{54A90642-561A-4BB1-A94E-469ADEE60C69}") = "typingtest.client", "typingtest.client\typingtest.client.esproj", "{653F21D3-02BB-42E1-B741-ED326285078F}"
EndProject
Global
	GlobalSection(SolutionConfigurationPlatforms) = preSolution
		Debug|Any CPU = Debug|Any CPU
		Release|Any CPU = Release|Any CPU
	EndGlobalSection
	GlobalSection(ProjectConfigurationPlatforms) = postSolution
		{145C370F-7D3A-4E2C-8413-E49B4BD683CF}.Debug|Any CPU.ActiveCfg = Debug|Any CPU
		{145C370F-7D3A-4E2C-8413-E49B4BD683CF}.Debug|Any CPU.Build.0 = Debug|Any CPU
		{145C370F-7D3A-4E2C-8413-E49B4BD683CF}.Release|Any CPU.ActiveCfg = Release|Any CPU
		{145C370F-7D3A-4E2C-8413-E49B4BD683CF}.Release|Any CPU.Build.0 = Release|Any CPU
		{653F21D3-02BB-42E1-B741-ED326285078F}.Debug|Any CPU.ActiveCfg = Debug|Any CPU
		{653F21D3-02BB-42E1-B741-ED326285078F}.Debug|Any CPU.Build.0 = Debug|Any CPU
		{653F21D3-02BB-42E1-B741-ED326285078F}.Debug|Any CPU.Deploy.0 = Debug|Any CPU
		{653F21D3-02BB-42E1-B741-ED326285078F}.Release|Any CPU.ActiveCfg = Release|Any CPU
		{653F21D3-02BB-42E1-B741-ED326285078F}.Release|Any CPU.Build.0 = Release|Any CPU
		{653F21D3-02BB-42E1-B741-ED326285078F}.Release|Any CPU.Deploy.0 = Release|Any CPU
	EndGlobalSection
	GlobalSection(SolutionProperties) = preSolution
		HideSolutionNode = FALSE
	EndGlobalSection
	GlobalSection(ExtensibilityGlobals) = postSolution
		SolutionGuid = {6EDF10D0-1AEA-4795-B80A-9E3DD3E10AF5}
	EndGlobalSection
EndGlobal
